{
  "nodes": {
    "flake-utils": {
      "locked": {
        "lastModified": 1623875721,
        "narHash": "sha256-A8BU7bjS5GirpAUv4QA+QnJ4CceLHkcXdRp4xITDB0s=",
        "owner": "numtide",
        "repo": "flake-utils",
        "rev": "f7e004a55b120c02ecb6219596820fcd32ca8772",
        "type": "github"
      },
      "original": {
        "owner": "numtide",
        "repo": "flake-utils",
        "type": "github"
      }
    },
    "flake-utils_2": {
      "locked": {
        "lastModified": 1614513358,
        "narHash": "sha256-LakhOx3S1dRjnh0b5Dg3mbZyH0ToC9I8Y2wKSkBaTzU=",
        "owner": "numtide",
        "repo": "flake-utils",
        "rev": "5466c5bbece17adaab2d82fae80b46e807611bf3",
        "type": "github"
      },
      "original": {
        "owner": "numtide",
        "repo": "flake-utils",
        "type": "github"
      }
    },
    "naersk": {
      "inputs": {
        "nixpkgs": [
          "nixpkgs"
        ]
      },
      "locked": {
        "lastModified": 1623927034,
        "narHash": "sha256-sGxlmfp5eXL5sAMNqHSb04Zq6gPl+JeltIZ226OYN0w=",
        "owner": "nmattia",
        "repo": "naersk",
        "rev": "e09c320446c5c2516d430803f7b19f5833781337",
        "type": "github"
      },
      "original": {
        "owner": "nmattia",
        "repo": "naersk",
        "type": "github"
      }
    },
    "nixpkgs": {
      "locked": {
        "lastModified": 1625601352,
        "narHash": "sha256-yCvbAC+gadcmW94KvXbTLWC5erkcKClQWX3G8k5O7u0=",
        "path": "/nix/store/r9gjdy2l63jibbqmlzn56p34ajkd4q2l-source",
        "rev": "9d1350d9d56411b685ff3de5839ed6728b1bf808",
        "type": "path"
      },
      "original": {
        "id": "nixpkgs",
        "type": "indirect"
      }
    },
    "root": {
      "inputs": {
        "flake-utils": "flake-utils",
        "naersk": "naersk",
        "nixpkgs": "nixpkgs",
        "rust-overlay": "rust-overlay"
      }
    },
    "rust-overlay": {
      "inputs": {
        "flake-utils": "flake-utils_2",
        "nixpkgs": [
          "nixpkgs"
        ]
      },
      "locked": {
        "lastModified": 1627870491,
        "narHash": "sha256-0Myg04QOIcTN1RhgfRNx0i/iCRyVyf/Z6rJxZUmot5k=",
        "owner": "oxalica",
        "repo": "rust-overlay",
        "rev": "71d825269cfaa30605d058bd92381be9af87b0be",
        "type": "github"
      },
      "original": {
        "owner": "oxalica",
        "repo": "rust-overlay",
        "type": "github"
      }
    }
  },
  "root": "root",
  "version": 7
}
